{
    "_readme": [
        "This file locks the dependencies of your project to a known state",
        "Read more about it at https://getcomposer.org/doc/01-basic-usage.md#installing-dependencies",
        "This file is @generated automatically"
    ],
    "content-hash": "1be7d41dc88b61e69fc064c9eeff18d1",
    "packages": [
        {
            "name": "podio-community/podio-php",
            "version": "4.3.0",
            "source": {
                "type": "git",
                "url": "https://github.com/podio-community/podio-php.git",
                "reference": "436002738f202455c2c788ed7204fd24a4c3b5c0"
            },
            "dist": {
                "type": "zip",
                "url": "https://api.github.com/repos/podio-community/podio-php/zipball/436002738f202455c2c788ed7204fd24a4c3b5c0",
                "reference": "436002738f202455c2c788ed7204fd24a4c3b5c0",
                "shasum": ""
            },
            "require": {
                "php": ">=5.3.0"
            },
            "suggest": {
                "kdyby/curl-ca-bundle": "Improve security through providing current CA ROOT certificates bundle"
            },
            "type": "library",
            "autoload": {
                "classmap": [
                    "lib/",
                    "models/"
                ]
            },
            "notification-url": "https://packagist.org/downloads/",
            "license": [
                "MIT"
            ],
            "authors": [
                {
                    "name": "Andreas Haugstrup Pedersen",
                    "email": "haugstrup@podio.com",
                    "role": "Developer"
                }
            ],
            "description": "PHP Client for Podio API",
            "homepage": "http://github.com/podio/podio-php",
            "keywords": [
                "podio"
            ],
            "time": "2015-09-30T08:28:53+00:00"
        }
    ],
    "packages-dev": [],
    "aliases": [],
    "minimum-stability": "stable",
    "stability-flags": [],
    "prefer-stable": false,
    "prefer-lowest": false,
    "platform": {
        "ext-json": "*"
    },
    "platform-dev": [],
    "plugin-api-version": "1.1.0"
}
